
Microsoft Visual Studio Solution File, Format Version 12.00
# Visual Studio Version 16
VisualStudioVersion = 16.0.29306.81
MinimumVisualStudioVersion = 10.0.40219.1
Project("{FAE04EC0-301F-11D3-BF4B-00C04F79EFBC}") = "Cat Übu", "Cat Übu\Cat Übu.csproj", "{83A9F05C-8605-4CE6-A801-7E1FED02980E}"
EndProject
Global
	GlobalSection(SolutionConfigurationPlatforms) = preSolution
		Debug|Any CPU = Debug|Any CPU
		Release|Any CPU = Release|Any CPU
	EndGlobalSection
	GlobalSection(ProjectConfigurationPlatforms) = postSolution
		{83A9F05C-8605-4CE6-A801-7E1FED02980E}.Debug|Any CPU.ActiveCfg = Debug|Any CPU
		{83A9F05C-8605-4CE6-A801-7E1FED02980E}.Debug|Any CPU.Build.0 = Debug|Any CPU
		{83A9F05C-8605-4CE6-A801-7E1FED02980E}.Release|Any CPU.ActiveCfg = Release|Any CPU
		{83A9F05C-8605-4CE6-A801-7E1FED02980E}.Release|Any CPU.Build.0 = Release|Any CPU
	EndGlobalSection
	GlobalSection(SolutionProperties) = preSolution
		HideSolutionNode = FALSE
	EndGlobalSection
	GlobalSection(ExtensibilityGlobals) = postSolution
		SolutionGuid = {64A9BBB2-C8E2-48E3-97B4-B374BA443758}
	EndGlobalSection
EndGlobal
